// !$*UTF8*$!
{
	archiveVersion = 1;
	classes = {
	};
	objectVersion = 54;
	objects = {

/* Begin PBXBuildFile section */
		00E356F31AD99517003FC87E /* finalShowdownTests.m in Sources */ = {isa = PBXBuildFile; fileRef = 00E356F21AD99517003FC87E /* finalShowdownTests.m */; };
		13B07FBC1A68108700A75B9A /* AppDelegate.m in Sources */ = {isa = PBXBuildFile; fileRef = 13B07FB01A68108700A75B9A /* AppDelegate.m */; };
		13B07FBF1A68108700A75B9A /* Images.xcassets in Resources */ = {isa = PBXBuildFile; fileRef = 13B07FB51A68108700A75B9A /* Images.xcassets */; };
		13B07FC11A68108700A75B9A /* main.m in Sources */ = {isa = PBXBuildFile; fileRef = 13B07FB71A68108700A75B9A /* main.m */; };
		81AB9BB82411601600AC10FF /* LaunchScreen.storyboard in Resources */ = {isa = PBXBuildFile; fileRef = 81AB9BB72411601600AC10FF /* LaunchScreen.storyboard */; };
		488C6D0A1EE84A3890B0BCA6 /* Futura Hv BT.ttf in Resources */ = {isa = PBXBuildFile; fileRef = 955B76BE6848415FAE29400A /* Futura Hv BT.ttf */; };
		AF27AF532A244EC0A2ED2204 /* Futura-Book.ttf in Resources */ = {isa = PBXBuildFile; fileRef = DB022B6EA2314DDCA1CF37CC /* Futura-Book.ttf */; };
		86F36B4EB2A94931975D7719 /* Futura-Medium.ttf in Resources */ = {isa = PBXBuildFile; fileRef = 04C1455AB37B4340894C8408 /* Futura-Medium.ttf */; };
		7468F565C9834969B813E242 /* Futura-Normal.ttf in Resources */ = {isa = PBXBuildFile; fileRef = BA02056A22CE48CD8233E2E3 /* Futura-Normal.ttf */; };
		A85836D6EDC0473DBF962430 /* FuturaBT-Heavy.ttf in Resources */ = {isa = PBXBuildFile; fileRef = 1994ABE34E0E457ABD894909 /* FuturaBT-Heavy.ttf */; };
		B5F6E202BEF54FDF8EFAFBF0 /* Roboto-Black.ttf in Resources */ = {isa = PBXBuildFile; fileRef = 7739C7712AA3493B9B1E0328 /* Roboto-Black.ttf */; };
		A122BD2BE7A1486993CC6E8D /* Roboto-BlackItalic.ttf in Resources */ = {isa = PBXBuildFile; fileRef = 7AAA0BE54CB44A1C9D7F6A33 /* Roboto-BlackItalic.ttf */; };
		0C912BC240724148893EFB01 /* Roboto-Bold.ttf in Resources */ = {isa = PBXBuildFile; fileRef = 67EB0112CCE649EC8653D338 /* Roboto-Bold.ttf */; };
		7BF726D569214CB49A872C36 /* Roboto-BoldItalic.ttf in Resources */ = {isa = PBXBuildFile; fileRef = 46BD26031E98434DAA492C8A /* Roboto-BoldItalic.ttf */; };
		410D836E8B30479D89855C1D /* Roboto-Italic.ttf in Resources */ = {isa = PBXBuildFile; fileRef = 1D72373ACF2F4154A90890D0 /* Roboto-Italic.ttf */; };
		7E29276AA75742D68E8ED154 /* Roboto-Light.ttf in Resources */ = {isa = PBXBuildFile; fileRef = EFB5FF63E232499FAEF412F3 /* Roboto-Light.ttf */; };
		AD990AF4C6B142BB9E031F5E /* Roboto-LightItalic.ttf in Resources */ = {isa = PBXBuildFile; fileRef = 89433D7F2B114E81BB39BC80 /* Roboto-LightItalic.ttf */; };
		6AE4069CA95C483F93763BAA /* Roboto-Medium.ttf in Resources */ = {isa = PBXBuildFile; fileRef = 8877D32BC0B54D078B1FDB6B /* Roboto-Medium.ttf */; };
		46F99D12F16F4D9DB780E5D2 /* Roboto-MediumItalic.ttf in Resources */ = {isa = PBXBuildFile; fileRef = ADCF59663D8247DFB20D8276 /* Roboto-MediumItalic.ttf */; };
		B72F7E534FF746588F9298B3 /* Roboto-Regular.ttf in Resources */ = {isa = PBXBuildFile; fileRef = 8AA84CA79B464D79BCD3531A /* Roboto-Regular.ttf */; };
		3A199DBF86574E4F85FA794C /* Roboto-Thin.ttf in Resources */ = {isa = PBXBuildFile; fileRef = 9B6EEBC72B3E4606982D73FE /* Roboto-Thin.ttf */; };
		614235F76BC942CA9AAEA02C /* Roboto-ThinItalic.ttf in Resources */ = {isa = PBXBuildFile; fileRef = 2B667BEC4FB0490CBF391751 /* Roboto-ThinItalic.ttf */; };
		709B1E7D3FBB44E3B9F0CAF3 /* SFProDisplay-Regular.ttf in Resources */ = {isa = PBXBuildFile; fileRef = F5EE79B384E24265AEFD7441 /* SFProDisplay-Regular.ttf */; };
		6C0BDC450871458EBB665A0E /* SFProText-Bold.ttf in Resources */ = {isa = PBXBuildFile; fileRef = 3CBB89733C3B450B98C1C346 /* SFProText-Bold.ttf */; };
		B129B7A041244180B6577938 /* SFProText-Medium.ttf in Resources */ = {isa = PBXBuildFile; fileRef = 062EF9018DE24B45BE8F182E /* SFProText-Medium.ttf */; };
		EB9D73A3F9E748F1AC15804C /* SFProText-Regular.ttf in Resources */ = {isa = PBXBuildFile; fileRef = FC963E5E5476454E899E23A7 /* SFProText-Regular.ttf */; };
		0BEFF67C537E4B538834E6A3 /* SFProText-SemiBold.ttf in Resources */ = {isa = PBXBuildFile; fileRef = 738DA15B18B140D4845BAAEA /* SFProText-SemiBold.ttf */; };
		A8B5D6B0697640499013C212 /* AntDesign.ttf in Resources */ = {isa = PBXBuildFile; fileRef = 1A2596DCC7F9485C822544A2 /* AntDesign.ttf */; };
		23944AE750A14DF4BCD00594 /* Entypo.ttf in Resources */ = {isa = PBXBuildFile; fileRef = B43093A4451B439996D1F710 /* Entypo.ttf */; };
		C39D71FA7D8F42BB852C584E /* EvilIcons.ttf in Resources */ = {isa = PBXBuildFile; fileRef = 0D9E524CA7B94AD8BD6A9ED1 /* EvilIcons.ttf */; };
		52E69B15179743248AA3A9E1 /* Feather.ttf in Resources */ = {isa = PBXBuildFile; fileRef = 6B8D49CEC49F437EB7D1331E /* Feather.ttf */; };
		2FA5CACCBA1C4491A3DF5A56 /* FontAwesome.ttf in Resources */ = {isa = PBXBuildFile; fileRef = 34426FDBF0E94C28B48D49C7 /* FontAwesome.ttf */; };
		274483B2FAFE4802A1F40DB6 /* FontAwesome5_Brands.ttf in Resources */ = {isa = PBXBuildFile; fileRef = 1AC0E547D1F84563951C01CE /* FontAwesome5_Brands.ttf */; };
		B3CCF92F5BC048F28EA52BCE /* FontAwesome5_Regular.ttf in Resources */ = {isa = PBXBuildFile; fileRef = 429FA6CE9710467389CC961F /* FontAwesome5_Regular.ttf */; };
		879D1F331F7D41DCB1B71B96 /* FontAwesome5_Solid.ttf in Resources */ = {isa = PBXBuildFile; fileRef = 34BDBC43A34B42599FE155D8 /* FontAwesome5_Solid.ttf */; };
		E928E009F9E5498B9C20BFB6 /* Fontisto.ttf in Resources */ = {isa = PBXBuildFile; fileRef = F15BBC8CE73741BC8A879E36 /* Fontisto.ttf */; };
		7040445CB4934C3CA01D31F3 /* Foundation.ttf in Resources */ = {isa = PBXBuildFile; fileRef = 7AA41B9DC3184A6687D4FC9C /* Foundation.ttf */; };
		AA1E076E142A4BA289D79B6A /* Ionicons.ttf in Resources */ = {isa = PBXBuildFile; fileRef = 4B580924F338419BA5CDA852 /* Ionicons.ttf */; };
		DCED07E8AACD476BAC273138 /* MaterialCommunityIcons.ttf in Resources */ = {isa = PBXBuildFile; fileRef = 7DC2ED407B994D4CAFB14D5E /* MaterialCommunityIcons.ttf */; };
		C93F921F28884C039FF6F9FE /* MaterialIcons.ttf in Resources */ = {isa = PBXBuildFile; fileRef = DD30980A049645A3A2C9EA1A /* MaterialIcons.ttf */; };
		EAB8CA8005804B62865BE584 /* Octicons.ttf in Resources */ = {isa = PBXBuildFile; fileRef = 53AB87063E7C4E3B9A48FC29 /* Octicons.ttf */; };
		69206CCAFE984C9A8C886162 /* SimpleLineIcons.ttf in Resources */ = {isa = PBXBuildFile; fileRef = C816BD2DBA264BCD899ECBDB /* SimpleLineIcons.ttf */; };
		E1806C8F0F0247B69074B768 /* Zocial.ttf in Resources */ = {isa = PBXBuildFile; fileRef = 5A4BD4F9D50B4D51AF5A413E /* Zocial.ttf */; };
/* End PBXBuildFile section */

/* Begin PBXContainerItemProxy section */
		00E356F41AD99517003FC87E /* PBXContainerItemProxy */ = {
			isa = PBXContainerItemProxy;
			containerPortal = 83CBB9F71A601CBA00E9B192 /* Project object */;
			proxyType = 1;
			remoteGlobalIDString = 13B07F861A680F5B00A75B9A;
			remoteInfo = finalShowdown;
		};
/* End PBXContainerItemProxy section */

/* Begin PBXFileReference section */
		00E356EE1AD99517003FC87E /* finalShowdownTests.xctest */ = {isa = PBXFileReference; explicitFileType = wrapper.cfbundle; includeInIndex = 0; path = finalShowdownTests.xctest; sourceTree = BUILT_PRODUCTS_DIR; };
		00E356F11AD99517003FC87E /* Info.plist */ = {isa = PBXFileReference; lastKnownFileType = text.plist.xml; path = Info.plist; sourceTree = "<group>"; };
		00E356F21AD99517003FC87E /* finalShowdownTests.m */ = {isa = PBXFileReference; lastKnownFileType = sourcecode.c.objc; path = finalShowdownTests.m; sourceTree = "<group>"; };
		13B07F961A680F5B00A75B9A /* finalShowdown.app */ = {isa = PBXFileReference; explicitFileType = wrapper.application; includeInIndex = 0; path = finalShowdown.app; sourceTree = BUILT_PRODUCTS_DIR; };
		13B07FAF1A68108700A75B9A /* AppDelegate.h */ = {isa = PBXFileReference; fileEncoding = 4; lastKnownFileType = sourcecode.c.h; name = AppDelegate.h; path = finalShowdown/AppDelegate.h; sourceTree = "<group>"; };
		13B07FB01A68108700A75B9A /* AppDelegate.m */ = {isa = PBXFileReference; fileEncoding = 4; lastKnownFileType = sourcecode.c.objc; name = AppDelegate.m; path = finalShowdown/AppDelegate.m; sourceTree = "<group>"; };
		13B07FB51A68108700A75B9A /* Images.xcassets */ = {isa = PBXFileReference; lastKnownFileType = folder.assetcatalog; name = Images.xcassets; path = finalShowdown/Images.xcassets; sourceTree = "<group>"; };
		13B07FB61A68108700A75B9A /* Info.plist */ = {isa = PBXFileReference; fileEncoding = 4; lastKnownFileType = text.plist.xml; name = Info.plist; path = finalShowdown/Info.plist; sourceTree = "<group>"; };
		13B07FB71A68108700A75B9A /* main.m */ = {isa = PBXFileReference; fileEncoding = 4; lastKnownFileType = sourcecode.c.objc; name = main.m; path = finalShowdown/main.m; sourceTree = "<group>"; };
		81AB9BB72411601600AC10FF /* LaunchScreen.storyboard */ = {isa = PBXFileReference; fileEncoding = 4; lastKnownFileType = file.storyboard; name = LaunchScreen.storyboard; path = finalShowdown/LaunchScreen.storyboard; sourceTree = "<group>"; };
		ED297162215061F000B7C4FE /* JavaScriptCore.framework */ = {isa = PBXFileReference; lastKnownFileType = wrapper.framework; name = JavaScriptCore.framework; path = System/Library/Frameworks/JavaScriptCore.framework; sourceTree = SDKROOT; };
		955B76BE6848415FAE29400A /* Futura Hv BT.ttf */ = {isa = PBXFileReference; name = "Futura Hv BT.ttf"; path = "../src/assets/fonts/Futura Hv BT.ttf"; sourceTree = "<group>"; fileEncoding = undefined; lastKnownFileType = unknown; explicitFileType = undefined; includeInIndex = 0; };
		DB022B6EA2314DDCA1CF37CC /* Futura-Book.ttf */ = {isa = PBXFileReference; name = "Futura-Book.ttf"; path = "../src/assets/fonts/Futura-Book.ttf"; sourceTree = "<group>"; fileEncoding = undefined; lastKnownFileType = unknown; explicitFileType = undefined; includeInIndex = 0; };
		04C1455AB37B4340894C8408 /* Futura-Medium.ttf */ = {isa = PBXFileReference; name = "Futura-Medium.ttf"; path = "../src/assets/fonts/Futura-Medium.ttf"; sourceTree = "<group>"; fileEncoding = undefined; lastKnownFileType = unknown; explicitFileType = undefined; includeInIndex = 0; };
		BA02056A22CE48CD8233E2E3 /* Futura-Normal.ttf */ = {isa = PBXFileReference; name = "Futura-Normal.ttf"; path = "../src/assets/fonts/Futura-Normal.ttf"; sourceTree = "<group>"; fileEncoding = undefined; lastKnownFileType = unknown; explicitFileType = undefined; includeInIndex = 0; };
		1994ABE34E0E457ABD894909 /* FuturaBT-Heavy.ttf */ = {isa = PBXFileReference; name = "FuturaBT-Heavy.ttf"; path = "../src/assets/fonts/FuturaBT-Heavy.ttf"; sourceTree = "<group>"; fileEncoding = undefined; lastKnownFileType = unknown; explicitFileType = undefined; includeInIndex = 0; };
		7739C7712AA3493B9B1E0328 /* Roboto-Black.ttf */ = {isa = PBXFileReference; name = "Roboto-Black.ttf"; path = "../src/assets/fonts/Roboto-Black.ttf"; sourceTree = "<group>"; fileEncoding = undefined; lastKnownFileType = unknown; explicitFileType = undefined; includeInIndex = 0; };
		7AAA0BE54CB44A1C9D7F6A33 /* Roboto-BlackItalic.ttf */ = {isa = PBXFileReference; name = "Roboto-BlackItalic.ttf"; path = "../src/assets/fonts/Roboto-BlackItalic.ttf"; sourceTree = "<group>"; fileEncoding = undefined; lastKnownFileType = unknown; explicitFileType = undefined; includeInIndex = 0; };
		67EB0112CCE649EC8653D338 /* Roboto-Bold.ttf */ = {isa = PBXFileReference; name = "Roboto-Bold.ttf"; path = "../src/assets/fonts/Roboto-Bold.ttf"; sourceTree = "<group>"; fileEncoding = undefined; lastKnownFileType = unknown; explicitFileType = undefined; includeInIndex = 0; };
		46BD26031E98434DAA492C8A /* Roboto-BoldItalic.ttf */ = {isa = PBXFileReference; name = "Roboto-BoldItalic.ttf"; path = "../src/assets/fonts/Roboto-BoldItalic.ttf"; sourceTree = "<group>"; fileEncoding = undefined; lastKnownFileType = unknown; explicitFileType = undefined; includeInIndex = 0; };
		1D72373ACF2F4154A90890D0 /* Roboto-Italic.ttf */ = {isa = PBXFileReference; name = "Roboto-Italic.ttf"; path = "../src/assets/fonts/Roboto-Italic.ttf"; sourceTree = "<group>"; fileEncoding = undefined; lastKnownFileType = unknown; explicitFileType = undefined; includeInIndex = 0; };
		EFB5FF63E232499FAEF412F3 /* Roboto-Light.ttf */ = {isa = PBXFileReference; name = "Roboto-Light.ttf"; path = "../src/assets/fonts/Roboto-Light.ttf"; sourceTree = "<group>"; fileEncoding = undefined; lastKnownFileType = unknown; explicitFileType = undefined; includeInIndex = 0; };
		89433D7F2B114E81BB39BC80 /* Roboto-LightItalic.ttf */ = {isa = PBXFileReference; name = "Roboto-LightItalic.ttf"; path = "../src/assets/fonts/Roboto-LightItalic.ttf"; sourceTree = "<group>"; fileEncoding = undefined; lastKnownFileType = unknown; explicitFileType = undefined; includeInIndex = 0; };
		8877D32BC0B54D078B1FDB6B /* Roboto-Medium.ttf */ = {isa = PBXFileReference; name = "Roboto-Medium.ttf"; path = "../src/assets/fonts/Roboto-Medium.ttf"; sourceTree = "<group>"; fileEncoding = undefined; lastKnownFileType = unknown; explicitFileType = undefined; includeInIndex = 0; };
		ADCF59663D8247DFB20D8276 /* Roboto-MediumItalic.ttf */ = {isa = PBXFileReference; name = "Roboto-MediumItalic.ttf"; path = "../src/assets/fonts/Roboto-MediumItalic.ttf"; sourceTree = "<group>"; fileEncoding = undefined; lastKnownFileType = unknown; explicitFileType = undefined; includeInIndex = 0; };
		8AA84CA79B464D79BCD3531A /* Roboto-Regular.ttf */ = {isa = PBXFileReference; name = "Roboto-Regular.ttf"; path = "../src/assets/fonts/Roboto-Regular.ttf"; sourceTree = "<group>"; fileEncoding = undefined; lastKnownFileType = unknown; explicitFileType = undefined; includeInIndex = 0; };
		9B6EEBC72B3E4606982D73FE /* Roboto-Thin.ttf */ = {isa = PBXFileReference; name = "Roboto-Thin.ttf"; path = "../src/assets/fonts/Roboto-Thin.ttf"; sourceTree = "<group>"; fileEncoding = undefined; lastKnownFileType = unknown; explicitFileType = undefined; includeInIndex = 0; };
		2B667BEC4FB0490CBF391751 /* Roboto-ThinItalic.ttf */ = {isa = PBXFileReference; name = "Roboto-ThinItalic.ttf"; path = "../src/assets/fonts/Roboto-ThinItalic.ttf"; sourceTree = "<group>"; fileEncoding = undefined; lastKnownFileType = unknown; explicitFileType = undefined; includeInIndex = 0; };
		F5EE79B384E24265AEFD7441 /* SFProDisplay-Regular.ttf */ = {isa = PBXFileReference; name = "SFProDisplay-Regular.ttf"; path = "../src/assets/fonts/SFProDisplay-Regular.ttf"; sourceTree = "<group>"; fileEncoding = undefined; lastKnownFileType = unknown; explicitFileType = undefined; includeInIndex = 0; };
		3CBB89733C3B450B98C1C346 /* SFProText-Bold.ttf */ = {isa = PBXFileReference; name = "SFProText-Bold.ttf"; path = "../src/assets/fonts/SFProText-Bold.ttf"; sourceTree = "<group>"; fileEncoding = undefined; lastKnownFileType = unknown; explicitFileType = undefined; includeInIndex = 0; };
		062EF9018DE24B45BE8F182E /* SFProText-Medium.ttf */ = {isa = PBXFileReference; name = "SFProText-Medium.ttf"; path = "../src/assets/fonts/SFProText-Medium.ttf"; sourceTree = "<group>"; fileEncoding = undefined; lastKnownFileType = unknown; explicitFileType = undefined; includeInIndex = 0; };
		FC963E5E5476454E899E23A7 /* SFProText-Regular.ttf */ = {isa = PBXFileReference; name = "SFProText-Regular.ttf"; path = "../src/assets/fonts/SFProText-Regular.ttf"; sourceTree = "<group>"; fileEncoding = undefined; lastKnownFileType = unknown; explicitFileType = undefined; includeInIndex = 0; };
		738DA15B18B140D4845BAAEA /* SFProText-SemiBold.ttf */ = {isa = PBXFileReference; name = "SFProText-SemiBold.ttf"; path = "../src/assets/fonts/SFProText-SemiBold.ttf"; sourceTree = "<group>"; fileEncoding = undefined; lastKnownFileType = unknown; explicitFileType = undefined; includeInIndex = 0; };
		1A2596DCC7F9485C822544A2 /* AntDesign.ttf */ = {isa = PBXFileReference; name = "AntDesign.ttf"; path = "../node_modules/react-native-vector-icons/Fonts/AntDesign.ttf"; sourceTree = "<group>"; fileEncoding = undefined; lastKnownFileType = unknown; explicitFileType = undefined; includeInIndex = 0; };
		B43093A4451B439996D1F710 /* Entypo.ttf */ = {isa = PBXFileReference; name = "Entypo.ttf"; path = "../node_modules/react-native-vector-icons/Fonts/Entypo.ttf"; sourceTree = "<group>"; fileEncoding = undefined; lastKnownFileType = unknown; explicitFileType = undefined; includeInIndex = 0; };
		0D9E524CA7B94AD8BD6A9ED1 /* EvilIcons.ttf */ = {isa = PBXFileReference; name = "EvilIcons.ttf"; path = "../node_modules/react-native-vector-icons/Fonts/EvilIcons.ttf"; sourceTree = "<group>"; fileEncoding = undefined; lastKnownFileType = unknown; explicitFileType = undefined; includeInIndex = 0; };
		6B8D49CEC49F437EB7D1331E /* Feather.ttf */ = {isa = PBXFileReference; name = "Feather.ttf"; path = "../node_modules/react-native-vector-icons/Fonts/Feather.ttf"; sourceTree = "<group>"; fileEncoding = undefined; lastKnownFileType = unknown; explicitFileType = undefined; includeInIndex = 0; };
		34426FDBF0E94C28B48D49C7 /* FontAwesome.ttf */ = {isa = PBXFileReference; name = "FontAwesome.ttf"; path = "../node_modules/react-native-vector-icons/Fonts/FontAwesome.ttf"; sourceTree = "<group>"; fileEncoding = undefined; lastKnownFileType = unknown; explicitFileType = undefined; includeInIndex = 0; };
		1AC0E547D1F84563951C01CE /* FontAwesome5_Brands.ttf */ = {isa = PBXFileReference; name = "FontAwesome5_Brands.ttf"; path = "../node_modules/react-native-vector-icons/Fonts/FontAwesome5_Brands.ttf"; sourceTree = "<group>"; fileEncoding = undefined; lastKnownFileType = unknown; explicitFileType = undefined; includeInIndex = 0; };
		429FA6CE9710467389CC961F /* FontAwesome5_Regular.ttf */ = {isa = PBXFileReference; name = "FontAwesome5_Regular.ttf"; path = "../node_modules/react-native-vector-icons/Fonts/FontAwesome5_Regular.ttf"; sourceTree = "<group>"; fileEncoding = undefined; lastKnownFileType = unknown; explicitFileType = undefined; includeInIndex = 0; };
		34BDBC43A34B42599FE155D8 /* FontAwesome5_Solid.ttf */ = {isa = PBXFileReference; name = "FontAwesome5_Solid.ttf"; path = "../node_modules/react-native-vector-icons/Fonts/FontAwesome5_Solid.ttf"; sourceTree = "<group>"; fileEncoding = undefined; lastKnownFileType = unknown; explicitFileType = undefined; includeInIndex = 0; };
		F15BBC8CE73741BC8A879E36 /* Fontisto.ttf */ = {isa = PBXFileReference; name = "Fontisto.ttf"; path = "../node_modules/react-native-vector-icons/Fonts/Fontisto.ttf"; sourceTree = "<group>"; fileEncoding = undefined; lastKnownFileType = unknown; explicitFileType = undefined; includeInIndex = 0; };
		7AA41B9DC3184A6687D4FC9C /* Foundation.ttf */ = {isa = PBXFileReference; name = "Foundation.ttf"; path = "../node_modules/react-native-vector-icons/Fonts/Foundation.ttf"; sourceTree = "<group>"; fileEncoding = undefined; lastKnownFileType = unknown; explicitFileType = undefined; includeInIndex = 0; };
		4B580924F338419BA5CDA852 /* Ionicons.ttf */ = {isa = PBXFileReference; name = "Ionicons.ttf"; path = "../node_modules/react-native-vector-icons/Fonts/Ionicons.ttf"; sourceTree = "<group>"; fileEncoding = undefined; lastKnownFileType = unknown; explicitFileType = undefined; includeInIndex = 0; };
		7DC2ED407B994D4CAFB14D5E /* MaterialCommunityIcons.ttf */ = {isa = PBXFileReference; name = "MaterialCommunityIcons.ttf"; path = "../node_modules/react-native-vector-icons/Fonts/MaterialCommunityIcons.ttf"; sourceTree = "<group>"; fileEncoding = undefined; lastKnownFileType = unknown; explicitFileType = undefined; includeInIndex = 0; };
		DD30980A049645A3A2C9EA1A /* MaterialIcons.ttf */ = {isa = PBXFileReference; name = "MaterialIcons.ttf"; path = "../node_modules/react-native-vector-icons/Fonts/MaterialIcons.ttf"; sourceTree = "<group>"; fileEncoding = undefined; lastKnownFileType = unknown; explicitFileType = undefined; includeInIndex = 0; };
		53AB87063E7C4E3B9A48FC29 /* Octicons.ttf */ = {isa = PBXFileReference; name = "Octicons.ttf"; path = "../node_modules/react-native-vector-icons/Fonts/Octicons.ttf"; sourceTree = "<group>"; fileEncoding = undefined; lastKnownFileType = unknown; explicitFileType = undefined; includeInIndex = 0; };
		C816BD2DBA264BCD899ECBDB /* SimpleLineIcons.ttf */ = {isa = PBXFileReference; name = "SimpleLineIcons.ttf"; path = "../node_modules/react-native-vector-icons/Fonts/SimpleLineIcons.ttf"; sourceTree = "<group>"; fileEncoding = undefined; lastKnownFileType = unknown; explicitFileType = undefined; includeInIndex = 0; };
		5A4BD4F9D50B4D51AF5A413E /* Zocial.ttf */ = {isa = PBXFileReference; name = "Zocial.ttf"; path = "../node_modules/react-native-vector-icons/Fonts/Zocial.ttf"; sourceTree = "<group>"; fileEncoding = undefined; lastKnownFileType = unknown; explicitFileType = undefined; includeInIndex = 0; };
/* End PBXFileReference section */

/* Begin PBXFrameworksBuildPhase section */
		00E356EB1AD99517003FC87E /* Frameworks */ = {
			isa = PBXFrameworksBuildPhase;
			buildActionMask = 2147483647;
			files = (
			);
			runOnlyForDeploymentPostprocessing = 0;
		};
		13B07F8C1A680F5B00A75B9A /* Frameworks */ = {
			isa = PBXFrameworksBuildPhase;
			buildActionMask = 2147483647;
			files = (
			);
			runOnlyForDeploymentPostprocessing = 0;
		};
/* End PBXFrameworksBuildPhase section */

/* Begin PBXGroup section */
		00E356EF1AD99517003FC87E /* finalShowdownTests */ = {
			isa = PBXGroup;
			children = (
				00E356F21AD99517003FC87E /* finalShowdownTests.m */,
				00E356F01AD99517003FC87E /* Supporting Files */,
			);
			path = finalShowdownTests;
			sourceTree = "<group>";
		};
		00E356F01AD99517003FC87E /* Supporting Files */ = {
			isa = PBXGroup;
			children = (
				00E356F11AD99517003FC87E /* Info.plist */,
			);
			name = "Supporting Files";
			sourceTree = "<group>";
		};
		13B07FAE1A68108700A75B9A /* finalShowdown */ = {
			isa = PBXGroup;
			children = (
				13B07FAF1A68108700A75B9A /* AppDelegate.h */,
				13B07FB01A68108700A75B9A /* AppDelegate.m */,
				13B07FB51A68108700A75B9A /* Images.xcassets */,
				13B07FB61A68108700A75B9A /* Info.plist */,
				81AB9BB72411601600AC10FF /* LaunchScreen.storyboard */,
				13B07FB71A68108700A75B9A /* main.m */,
			);
			name = finalShowdown;
			sourceTree = "<group>";
		};
		2D16E6871FA4F8E400B85C8A /* Frameworks */ = {
			isa = PBXGroup;
			children = (
				ED297162215061F000B7C4FE /* JavaScriptCore.framework */,
			);
			name = Frameworks;
			sourceTree = "<group>";
		};
		832341AE1AAA6A7D00B99B32 /* Libraries */ = {
			isa = PBXGroup;
			children = (
			);
			name = Libraries;
			sourceTree = "<group>";
		};
		83CBB9F61A601CBA00E9B192 = {
			isa = PBXGroup;
			children = (
				13B07FAE1A68108700A75B9A /* finalShowdown */,
				832341AE1AAA6A7D00B99B32 /* Libraries */,
				00E356EF1AD99517003FC87E /* finalShowdownTests */,
				83CBBA001A601CBA00E9B192 /* Products */,
				2D16E6871FA4F8E400B85C8A /* Frameworks */,
				5261FA5F90154A28A14BFFAA /* Resources */,
			);
			indentWidth = 2;
			sourceTree = "<group>";
			tabWidth = 2;
			usesTabs = 0;
		};
		83CBBA001A601CBA00E9B192 /* Products */ = {
			isa = PBXGroup;
			children = (
				13B07F961A680F5B00A75B9A /* finalShowdown.app */,
				00E356EE1AD99517003FC87E /* finalShowdownTests.xctest */,
			);
			name = Products;
			sourceTree = "<group>";
		};
		5261FA5F90154A28A14BFFAA /* Resources */ = {
			isa = "PBXGroup";
			children = (
				955B76BE6848415FAE29400A /* Futura Hv BT.ttf */,
				DB022B6EA2314DDCA1CF37CC /* Futura-Book.ttf */,
				04C1455AB37B4340894C8408 /* Futura-Medium.ttf */,
				BA02056A22CE48CD8233E2E3 /* Futura-Normal.ttf */,
				1994ABE34E0E457ABD894909 /* FuturaBT-Heavy.ttf */,
				7739C7712AA3493B9B1E0328 /* Roboto-Black.ttf */,
				7AAA0BE54CB44A1C9D7F6A33 /* Roboto-BlackItalic.ttf */,
				67EB0112CCE649EC8653D338 /* Roboto-Bold.ttf */,
				46BD26031E98434DAA492C8A /* Roboto-BoldItalic.ttf */,
				1D72373ACF2F4154A90890D0 /* Roboto-Italic.ttf */,
				EFB5FF63E232499FAEF412F3 /* Roboto-Light.ttf */,
				89433D7F2B114E81BB39BC80 /* Roboto-LightItalic.ttf */,
				8877D32BC0B54D078B1FDB6B /* Roboto-Medium.ttf */,
				ADCF59663D8247DFB20D8276 /* Roboto-MediumItalic.ttf */,
				8AA84CA79B464D79BCD3531A /* Roboto-Regular.ttf */,
				9B6EEBC72B3E4606982D73FE /* Roboto-Thin.ttf */,
				2B667BEC4FB0490CBF391751 /* Roboto-ThinItalic.ttf */,
				F5EE79B384E24265AEFD7441 /* SFProDisplay-Regular.ttf */,
				3CBB89733C3B450B98C1C346 /* SFProText-Bold.ttf */,
				062EF9018DE24B45BE8F182E /* SFProText-Medium.ttf */,
				FC963E5E5476454E899E23A7 /* SFProText-Regular.ttf */,
				738DA15B18B140D4845BAAEA /* SFProText-SemiBold.ttf */,
				1A2596DCC7F9485C822544A2 /* AntDesign.ttf */,
				B43093A4451B439996D1F710 /* Entypo.ttf */,
				0D9E524CA7B94AD8BD6A9ED1 /* EvilIcons.ttf */,
				6B8D49CEC49F437EB7D1331E /* Feather.ttf */,
				34426FDBF0E94C28B48D49C7 /* FontAwesome.ttf */,
				1AC0E547D1F84563951C01CE /* FontAwesome5_Brands.ttf */,
				429FA6CE9710467389CC961F /* FontAwesome5_Regular.ttf */,
				34BDBC43A34B42599FE155D8 /* FontAwesome5_Solid.ttf */,
				F15BBC8CE73741BC8A879E36 /* Fontisto.ttf */,
				7AA41B9DC3184A6687D4FC9C /* Foundation.ttf */,
				4B580924F338419BA5CDA852 /* Ionicons.ttf */,
				7DC2ED407B994D4CAFB14D5E /* MaterialCommunityIcons.ttf */,
				DD30980A049645A3A2C9EA1A /* MaterialIcons.ttf */,
				53AB87063E7C4E3B9A48FC29 /* Octicons.ttf */,
				C816BD2DBA264BCD899ECBDB /* SimpleLineIcons.ttf */,
				5A4BD4F9D50B4D51AF5A413E /* Zocial.ttf */,
			);
			name = Resources;
			sourceTree = "<group>";
			path = "";
		};
/* End PBXGroup section */

/* Begin PBXNativeTarget section */
		00E356ED1AD99517003FC87E /* finalShowdownTests */ = {
			isa = PBXNativeTarget;
			buildConfigurationList = 00E357021AD99517003FC87E /* Build configuration list for PBXNativeTarget "finalShowdownTests" */;
			buildPhases = (
				00E356EA1AD99517003FC87E /* Sources */,
				00E356EB1AD99517003FC87E /* Frameworks */,
				00E356EC1AD99517003FC87E /* Resources */,
			);
			buildRules = (
			);
			dependencies = (
				00E356F51AD99517003FC87E /* PBXTargetDependency */,
			);
			name = finalShowdownTests;
			productName = finalShowdownTests;
			productReference = 00E356EE1AD99517003FC87E /* finalShowdownTests.xctest */;
			productType = "com.apple.product-type.bundle.unit-test";
		};
		13B07F861A680F5B00A75B9A /* finalShowdown */ = {
			isa = PBXNativeTarget;
			buildConfigurationList = 13B07F931A680F5B00A75B9A /* Build configuration list for PBXNativeTarget "finalShowdown" */;
			buildPhases = (
				FD10A7F022414F080027D42C /* Start Packager */,
				13B07F871A680F5B00A75B9A /* Sources */,
				13B07F8C1A680F5B00A75B9A /* Frameworks */,
				13B07F8E1A680F5B00A75B9A /* Resources */,
				00DD1BFF1BD5951E006B06BC /* Bundle React Native code and images */,
			);
			buildRules = (
			);
			dependencies = (
			);
			name = finalShowdown;
			productName = finalShowdown;
			productReference = 13B07F961A680F5B00A75B9A /* finalShowdown.app */;
			productType = "com.apple.product-type.application";
		};
/* End PBXNativeTarget section */

/* Begin PBXProject section */
		83CBB9F71A601CBA00E9B192 /* Project object */ = {
			isa = PBXProject;
			attributes = {
				LastUpgradeCheck = 1210;
				TargetAttributes = {
					00E356ED1AD99517003FC87E = {
						CreatedOnToolsVersion = 6.2;
						TestTargetID = 13B07F861A680F5B00A75B9A;
					};
					13B07F861A680F5B00A75B9A = {
						LastSwiftMigration = 1120;
					};
				};
			};
			buildConfigurationList = 83CBB9FA1A601CBA00E9B192 /* Build configuration list for PBXProject "finalShowdown" */;
			compatibilityVersion = "Xcode 12.0";
			developmentRegion = en;
			hasScannedForEncodings = 0;
			knownRegions = (
				en,
				Base,
			);
			mainGroup = 83CBB9F61A601CBA00E9B192;
			productRefGroup = 83CBBA001A601CBA00E9B192 /* Products */;
			projectDirPath = "";
			projectRoot = "";
			targets = (
				13B07F861A680F5B00A75B9A /* finalShowdown */,
				00E356ED1AD99517003FC87E /* finalShowdownTests */,
			);
		};
/* End PBXProject section */

/* Begin PBXResourcesBuildPhase section */
		00E356EC1AD99517003FC87E /* Resources */ = {
			isa = PBXResourcesBuildPhase;
			buildActionMask = 2147483647;
			files = (
			);
			runOnlyForDeploymentPostprocessing = 0;
		};
		13B07F8E1A680F5B00A75B9A /* Resources */ = {
			isa = PBXResourcesBuildPhase;
			buildActionMask = 2147483647;
			files = (
				81AB9BB82411601600AC10FF /* LaunchScreen.storyboard in Resources */,
				13B07FBF1A68108700A75B9A /* Images.xcassets in Resources */,
				488C6D0A1EE84A3890B0BCA6 /* Futura Hv BT.ttf in Resources */,
				AF27AF532A244EC0A2ED2204 /* Futura-Book.ttf in Resources */,
				86F36B4EB2A94931975D7719 /* Futura-Medium.ttf in Resources */,
				7468F565C9834969B813E242 /* Futura-Normal.ttf in Resources */,
				A85836D6EDC0473DBF962430 /* FuturaBT-Heavy.ttf in Resources */,
				B5F6E202BEF54FDF8EFAFBF0 /* Roboto-Black.ttf in Resources */,
				A122BD2BE7A1486993CC6E8D /* Roboto-BlackItalic.ttf in Resources */,
				0C912BC240724148893EFB01 /* Roboto-Bold.ttf in Resources */,
				7BF726D569214CB49A872C36 /* Roboto-BoldItalic.ttf in Resources */,
				410D836E8B30479D89855C1D /* Roboto-Italic.ttf in Resources */,
				7E29276AA75742D68E8ED154 /* Roboto-Light.ttf in Resources */,
				AD990AF4C6B142BB9E031F5E /* Roboto-LightItalic.ttf in Resources */,
				6AE4069CA95C483F93763BAA /* Roboto-Medium.ttf in Resources */,
				46F99D12F16F4D9DB780E5D2 /* Roboto-MediumItalic.ttf in Resources */,
				B72F7E534FF746588F9298B3 /* Roboto-Regular.ttf in Resources */,
				3A199DBF86574E4F85FA794C /* Roboto-Thin.ttf in Resources */,
				614235F76BC942CA9AAEA02C /* Roboto-ThinItalic.ttf in Resources */,
				709B1E7D3FBB44E3B9F0CAF3 /* SFProDisplay-Regular.ttf in Resources */,
				6C0BDC450871458EBB665A0E /* SFProText-Bold.ttf in Resources */,
				B129B7A041244180B6577938 /* SFProText-Medium.ttf in Resources */,
				EB9D73A3F9E748F1AC15804C /* SFProText-Regular.ttf in Resources */,
				0BEFF67C537E4B538834E6A3 /* SFProText-SemiBold.ttf in Resources */,
				A8B5D6B0697640499013C212 /* AntDesign.ttf in Resources */,
				23944AE750A14DF4BCD00594 /* Entypo.ttf in Resources */,
				C39D71FA7D8F42BB852C584E /* EvilIcons.ttf in Resources */,
				52E69B15179743248AA3A9E1 /* Feather.ttf in Resources */,
				2FA5CACCBA1C4491A3DF5A56 /* FontAwesome.ttf in Resources */,
				274483B2FAFE4802A1F40DB6 /* FontAwesome5_Brands.ttf in Resources */,
				B3CCF92F5BC048F28EA52BCE /* FontAwesome5_Regular.ttf in Resources */,
				879D1F331F7D41DCB1B71B96 /* FontAwesome5_Solid.ttf in Resources */,
				E928E009F9E5498B9C20BFB6 /* Fontisto.ttf in Resources */,
				7040445CB4934C3CA01D31F3 /* Foundation.ttf in Resources */,
				AA1E076E142A4BA289D79B6A /* Ionicons.ttf in Resources */,
				DCED07E8AACD476BAC273138 /* MaterialCommunityIcons.ttf in Resources */,
				C93F921F28884C039FF6F9FE /* MaterialIcons.ttf in Resources */,
				EAB8CA8005804B62865BE584 /* Octicons.ttf in Resources */,
				69206CCAFE984C9A8C886162 /* SimpleLineIcons.ttf in Resources */,
				E1806C8F0F0247B69074B768 /* Zocial.ttf in Resources */,
			);
			runOnlyForDeploymentPostprocessing = 0;
		};
/* End PBXResourcesBuildPhase section */

/* Begin PBXShellScriptBuildPhase section */
		00DD1BFF1BD5951E006B06BC /* Bundle React Native code and images */ = {
			isa = PBXShellScriptBuildPhase;
			buildActionMask = 2147483647;
			files = (
			);
			inputPaths = (
			);
			name = "Bundle React Native code and images";
			outputPaths = (
			);
			runOnlyForDeploymentPostprocessing = 0;
			shellPath = /bin/sh;
			shellScript = "set -e\n\nexport NODE_BINARY=node\n../node_modules/react-native/scripts/react-native-xcode.sh\n";
		};
		FD10A7F022414F080027D42C /* Start Packager */ = {
			isa = PBXShellScriptBuildPhase;
			buildActionMask = 2147483647;
			files = (
			);
			inputFileListPaths = (
			);
			inputPaths = (
			);
			name = "Start Packager";
			outputFileListPaths = (
			);
			outputPaths = (
			);
			runOnlyForDeploymentPostprocessing = 0;
			shellPath = /bin/sh;
			shellScript = "export RCT_METRO_PORT=\"${RCT_METRO_PORT:=8081}\"\necho \"export RCT_METRO_PORT=${RCT_METRO_PORT}\" > \"${SRCROOT}/../node_modules/react-native/scripts/.packager.env\"\nif [ -z \"${RCT_NO_LAUNCH_PACKAGER+xxx}\" ] ; then\n  if nc -w 5 -z localhost ${RCT_METRO_PORT} ; then\n    if ! curl -s \"http://localhost:${RCT_METRO_PORT}/status\" | grep -q \"packager-status:running\" ; then\n      echo \"Port ${RCT_METRO_PORT} already in use, packager is either not running or not running correctly\"\n      exit 2\n    fi\n  else\n    open \"$SRCROOT/../node_modules/react-native/scripts/launchPackager.command\" || echo \"Can't start packager automatically\"\n  fi\nfi\n";
			showEnvVarsInLog = 0;
		};
/* End PBXShellScriptBuildPhase section */

/* Begin PBXSourcesBuildPhase section */
		00E356EA1AD99517003FC87E /* Sources */ = {
			isa = PBXSourcesBuildPhase;
			buildActionMask = 2147483647;
			files = (
				00E356F31AD99517003FC87E /* finalShowdownTests.m in Sources */,
			);
			runOnlyForDeploymentPostprocessing = 0;
		};
		13B07F871A680F5B00A75B9A /* Sources */ = {
			isa = PBXSourcesBuildPhase;
			buildActionMask = 2147483647;
			files = (
				13B07FBC1A68108700A75B9A /* AppDelegate.m in Sources */,
				13B07FC11A68108700A75B9A /* main.m in Sources */,
			);
			runOnlyForDeploymentPostprocessing = 0;
		};
/* End PBXSourcesBuildPhase section */

/* Begin PBXTargetDependency section */
		00E356F51AD99517003FC87E /* PBXTargetDependency */ = {
			isa = PBXTargetDependency;
			target = 13B07F861A680F5B00A75B9A /* finalShowdown */;
			targetProxy = 00E356F41AD99517003FC87E /* PBXContainerItemProxy */;
		};
/* End PBXTargetDependency section */

/* Begin XCBuildConfiguration section */
		00E356F61AD99517003FC87E /* Debug */ = {
			isa = XCBuildConfiguration;
			buildSettings = {
				BUNDLE_LOADER = "$(TEST_HOST)";
				GCC_PREPROCESSOR_DEFINITIONS = (
					"DEBUG=1",
					"$(inherited)",
				);
				INFOPLIST_FILE = finalShowdownTests/Info.plist;
				IPHONEOS_DEPLOYMENT_TARGET = 10.0;
				LD_RUNPATH_SEARCH_PATHS = (
					"$(inherited)",
					"@executable_path/Frameworks",
					"@loader_path/Frameworks",
				);
				OTHER_LDFLAGS = (
					"-ObjC",
					"-lc++",
					"$(inherited)",
				);
				PRODUCT_BUNDLE_IDENTIFIER = "org.reactjs.native.example.$(PRODUCT_NAME:rfc1034identifier)";
				PRODUCT_NAME = "$(TARGET_NAME)";
				TEST_HOST = "$(BUILT_PRODUCTS_DIR)/finalShowdown.app/finalShowdown";
			};
			name = Debug;
		};
		00E356F71AD99517003FC87E /* Release */ = {
			isa = XCBuildConfiguration;
			buildSettings = {
				BUNDLE_LOADER = "$(TEST_HOST)";
				COPY_PHASE_STRIP = NO;
				INFOPLIST_FILE = finalShowdownTests/Info.plist;
				IPHONEOS_DEPLOYMENT_TARGET = 10.0;
				LD_RUNPATH_SEARCH_PATHS = (
					"$(inherited)",
					"@executable_path/Frameworks",
					"@loader_path/Frameworks",
				);
				OTHER_LDFLAGS = (
					"-ObjC",
					"-lc++",
					"$(inherited)",
				);
				PRODUCT_BUNDLE_IDENTIFIER = "org.reactjs.native.example.$(PRODUCT_NAME:rfc1034identifier)";
				PRODUCT_NAME = "$(TARGET_NAME)";
				TEST_HOST = "$(BUILT_PRODUCTS_DIR)/finalShowdown.app/finalShowdown";
			};
			name = Release;
		};
		13B07F941A680F5B00A75B9A /* Debug */ = {
			isa = XCBuildConfiguration;
			buildSettings = {
				ASSETCATALOG_COMPILER_APPICON_NAME = AppIcon;
				CLANG_ENABLE_MODULES = YES;
				CURRENT_PROJECT_VERSION = 1;
				ENABLE_BITCODE = NO;
				INFOPLIST_FILE = finalShowdown/Info.plist;
				LD_RUNPATH_SEARCH_PATHS = (
					"$(inherited)",
					"@executable_path/Frameworks",
				);
				OTHER_LDFLAGS = (
					"$(inherited)",
					"-ObjC",
					"-lc++",
				);
				PRODUCT_BUNDLE_IDENTIFIER = "org.reactjs.native.example.$(PRODUCT_NAME:rfc1034identifier)";
				PRODUCT_NAME = finalShowdown;
				SWIFT_OPTIMIZATION_LEVEL = "-Onone";
				SWIFT_VERSION = 5.0;
				VERSIONING_SYSTEM = "apple-generic";
			};
			name = Debug;
		};
		13B07F951A680F5B00A75B9A /* Release */ = {
			isa = XCBuildConfiguration;
			buildSettings = {
				ASSETCATALOG_COMPILER_APPICON_NAME = AppIcon;
				CLANG_ENABLE_MODULES = YES;
				CURRENT_PROJECT_VERSION = 1;
				INFOPLIST_FILE = finalShowdown/Info.plist;
				LD_RUNPATH_SEARCH_PATHS = (
					"$(inherited)",
					"@executable_path/Frameworks",
				);
				OTHER_LDFLAGS = (
					"$(inherited)",
					"-ObjC",
					"-lc++",
				);
				PRODUCT_BUNDLE_IDENTIFIER = "org.reactjs.native.example.$(PRODUCT_NAME:rfc1034identifier)";
				PRODUCT_NAME = finalShowdown;
				SWIFT_VERSION = 5.0;
				VERSIONING_SYSTEM = "apple-generic";
			};
			name = Release;
		};
		83CBBA201A601CBA00E9B192 /* Debug */ = {
			isa = XCBuildConfiguration;
			buildSettings = {
				ALWAYS_SEARCH_USER_PATHS = NO;
				CLANG_ANALYZER_LOCALIZABILITY_NONLOCALIZED = YES;
				CLANG_CXX_LANGUAGE_STANDARD = "gnu++0x";
				CLANG_CXX_LIBRARY = "libc++";
				CLANG_ENABLE_MODULES = YES;
				CLANG_ENABLE_OBJC_ARC = YES;
				CLANG_WARN_BLOCK_CAPTURE_AUTORELEASING = YES;
				CLANG_WARN_BOOL_CONVERSION = YES;
				CLANG_WARN_COMMA = YES;
				CLANG_WARN_CONSTANT_CONVERSION = YES;
				CLANG_WARN_DEPRECATED_OBJC_IMPLEMENTATIONS = YES;
				CLANG_WARN_DIRECT_OBJC_ISA_USAGE = YES_ERROR;
				CLANG_WARN_EMPTY_BODY = YES;
				CLANG_WARN_ENUM_CONVERSION = YES;
				CLANG_WARN_INFINITE_RECURSION = YES;
				CLANG_WARN_INT_CONVERSION = YES;
				CLANG_WARN_NON_LITERAL_NULL_CONVERSION = YES;
				CLANG_WARN_OBJC_IMPLICIT_RETAIN_SELF = YES;
				CLANG_WARN_OBJC_LITERAL_CONVERSION = YES;
				CLANG_WARN_OBJC_ROOT_CLASS = YES_ERROR;
				CLANG_WARN_QUOTED_INCLUDE_IN_FRAMEWORK_HEADER = YES;
				CLANG_WARN_RANGE_LOOP_ANALYSIS = YES;
				CLANG_WARN_STRICT_PROTOTYPES = YES;
				CLANG_WARN_SUSPICIOUS_MOVE = YES;
				CLANG_WARN_UNREACHABLE_CODE = YES;
				CLANG_WARN__DUPLICATE_METHOD_MATCH = YES;
				"CODE_SIGN_IDENTITY[sdk=iphoneos*]" = "iPhone Developer";
				COPY_PHASE_STRIP = NO;
				ENABLE_STRICT_OBJC_MSGSEND = YES;
				ENABLE_TESTABILITY = YES;
				GCC_C_LANGUAGE_STANDARD = gnu99;
				GCC_DYNAMIC_NO_PIC = NO;
				GCC_NO_COMMON_BLOCKS = YES;
				GCC_OPTIMIZATION_LEVEL = 0;
				GCC_PREPROCESSOR_DEFINITIONS = (
					"DEBUG=1",
					"$(inherited)",
				);
				GCC_SYMBOLS_PRIVATE_EXTERN = NO;
				GCC_WARN_64_TO_32_BIT_CONVERSION = YES;
				GCC_WARN_ABOUT_RETURN_TYPE = YES_ERROR;
				GCC_WARN_UNDECLARED_SELECTOR = YES;
				GCC_WARN_UNINITIALIZED_AUTOS = YES_AGGRESSIVE;
				GCC_WARN_UNUSED_FUNCTION = YES;
				GCC_WARN_UNUSED_VARIABLE = YES;
				IPHONEOS_DEPLOYMENT_TARGET = 10.0;
				LD_RUNPATH_SEARCH_PATHS = (
					/usr/lib/swift,
					"$(inherited)",
				);
				LIBRARY_SEARCH_PATHS = (
					"\"$(TOOLCHAIN_DIR)/usr/lib/swift/$(PLATFORM_NAME)\"",
					"\"$(TOOLCHAIN_DIR)/usr/lib/swift-5.0/$(PLATFORM_NAME)\"",
					"\"$(inherited)\"",
				);
				MTL_ENABLE_DEBUG_INFO = YES;
				ONLY_ACTIVE_ARCH = YES;
				SDKROOT = iphoneos;
			};
			name = Debug;
		};
		83CBBA211A601CBA00E9B192 /* Release */ = {
			isa = XCBuildConfiguration;
			buildSettings = {
				ALWAYS_SEARCH_USER_PATHS = NO;
				CLANG_ANALYZER_LOCALIZABILITY_NONLOCALIZED = YES;
				CLANG_CXX_LANGUAGE_STANDARD = "gnu++0x";
				CLANG_CXX_LIBRARY = "libc++";
				CLANG_ENABLE_MODULES = YES;
				CLANG_ENABLE_OBJC_ARC = YES;
				CLANG_WARN_BLOCK_CAPTURE_AUTORELEASING = YES;
				CLANG_WARN_BOOL_CONVERSION = YES;
				CLANG_WARN_COMMA = YES;
				CLANG_WARN_CONSTANT_CONVERSION = YES;
				CLANG_WARN_DEPRECATED_OBJC_IMPLEMENTATIONS = YES;
				CLANG_WARN_DIRECT_OBJC_ISA_USAGE = YES_ERROR;
				CLANG_WARN_EMPTY_BODY = YES;
				CLANG_WARN_ENUM_CONVERSION = YES;
				CLANG_WARN_INFINITE_RECURSION = YES;
				CLANG_WARN_INT_CONVERSION = YES;
				CLANG_WARN_NON_LITERAL_NULL_CONVERSION = YES;
				CLANG_WARN_OBJC_IMPLICIT_RETAIN_SELF = YES;
				CLANG_WARN_OBJC_LITERAL_CONVERSION = YES;
				CLANG_WARN_OBJC_ROOT_CLASS = YES_ERROR;
				CLANG_WARN_QUOTED_INCLUDE_IN_FRAMEWORK_HEADER = YES;
				CLANG_WARN_RANGE_LOOP_ANALYSIS = YES;
				CLANG_WARN_STRICT_PROTOTYPES = YES;
				CLANG_WARN_SUSPICIOUS_MOVE = YES;
				CLANG_WARN_UNREACHABLE_CODE = YES;
				CLANG_WARN__DUPLICATE_METHOD_MATCH = YES;
				"CODE_SIGN_IDENTITY[sdk=iphoneos*]" = "iPhone Developer";
				COPY_PHASE_STRIP = YES;
				ENABLE_NS_ASSERTIONS = NO;
				ENABLE_STRICT_OBJC_MSGSEND = YES;
				GCC_C_LANGUAGE_STANDARD = gnu99;
				GCC_NO_COMMON_BLOCKS = YES;
				GCC_WARN_64_TO_32_BIT_CONVERSION = YES;
				GCC_WARN_ABOUT_RETURN_TYPE = YES_ERROR;
				GCC_WARN_UNDECLARED_SELECTOR = YES;
				GCC_WARN_UNINITIALIZED_AUTOS = YES_AGGRESSIVE;
				GCC_WARN_UNUSED_FUNCTION = YES;
				GCC_WARN_UNUSED_VARIABLE = YES;
				IPHONEOS_DEPLOYMENT_TARGET = 10.0;
				LD_RUNPATH_SEARCH_PATHS = (
					/usr/lib/swift,
					"$(inherited)",
				);
				LIBRARY_SEARCH_PATHS = (
					"\"$(TOOLCHAIN_DIR)/usr/lib/swift/$(PLATFORM_NAME)\"",
					"\"$(TOOLCHAIN_DIR)/usr/lib/swift-5.0/$(PLATFORM_NAME)\"",
					"\"$(inherited)\"",
				);
				MTL_ENABLE_DEBUG_INFO = NO;
				SDKROOT = iphoneos;
				VALIDATE_PRODUCT = YES;
			};
			name = Release;
		};
/* End XCBuildConfiguration section */

/* Begin XCConfigurationList section */
		00E357021AD99517003FC87E /* Build configuration list for PBXNativeTarget "finalShowdownTests" */ = {
			isa = XCConfigurationList;
			buildConfigurations = (
				00E356F61AD99517003FC87E /* Debug */,
				00E356F71AD99517003FC87E /* Release */,
			);
			defaultConfigurationIsVisible = 0;
			defaultConfigurationName = Release;
		};
		13B07F931A680F5B00A75B9A /* Build configuration list for PBXNativeTarget "finalShowdown" */ = {
			isa = XCConfigurationList;
			buildConfigurations = (
				13B07F941A680F5B00A75B9A /* Debug */,
				13B07F951A680F5B00A75B9A /* Release */,
			);
			defaultConfigurationIsVisible = 0;
			defaultConfigurationName = Release;
		};
		83CBB9FA1A601CBA00E9B192 /* Build configuration list for PBXProject "finalShowdown" */ = {
			isa = XCConfigurationList;
			buildConfigurations = (
				83CBBA201A601CBA00E9B192 /* Debug */,
				83CBBA211A601CBA00E9B192 /* Release */,
			);
			defaultConfigurationIsVisible = 0;
			defaultConfigurationName = Release;
		};
/* End XCConfigurationList section */
	};
	rootObject = 83CBB9F71A601CBA00E9B192 /* Project object */;
}
